
Microsoft Visual Studio Solution File, Format Version 12.00
# Visual Studio Version 17
VisualStudioVersion = 17.10.35013.160
MinimumVisualStudioVersion = 10.0.40219.1
Project("{2150E333-8FDC-42A3-9474-1A3956D46DE8}") = "BackEnd", "BackEnd", "{56C0389D-2DB0-4F7B-B68C-9FE9BCFA8492}"
EndProject
Project("{9A19103F-16F7-4668-BE54-9A1E7A4F7556}") = "BackEnd.API", "BackEnd.API\BackEnd.API.csproj", "{E94EE774-10C3-4E35-BEF0-1C1D7EA6CE7C}"
EndProject
Project("{2150E333-8FDC-42A3-9474-1A3956D46DE8}") = "FrontEnd", "FrontEnd", "{E4487E52-0FE6-4F4E-B968-BB7AF70A6FDD}"
EndProject
Global
	GlobalSection(SolutionConfigurationPlatforms) = preSolution
		Debug|Any CPU = Debug|Any CPU
		Release|Any CPU = Release|Any CPU
	EndGlobalSection
	GlobalSection(ProjectConfigurationPlatforms) = postSolution
		{E94EE774-10C3-4E35-BEF0-1C1D7EA6CE7C}.Debug|Any CPU.ActiveCfg = Debug|Any CPU
		{E94EE774-10C3-4E35-BEF0-1C1D7EA6CE7C}.Debug|Any CPU.Build.0 = Debug|Any CPU
		{E94EE774-10C3-4E35-BEF0-1C1D7EA6CE7C}.Release|Any CPU.ActiveCfg = Release|Any CPU
		{E94EE774-10C3-4E35-BEF0-1C1D7EA6CE7C}.Release|Any CPU.Build.0 = Release|Any CPU
	EndGlobalSection
	GlobalSection(SolutionProperties) = preSolution
		HideSolutionNode = FALSE
	EndGlobalSection
	GlobalSection(NestedProjects) = preSolution
		{E94EE774-10C3-4E35-BEF0-1C1D7EA6CE7C} = {56C0389D-2DB0-4F7B-B68C-9FE9BCFA8492}
	EndGlobalSection
	GlobalSection(ExtensibilityGlobals) = postSolution
		SolutionGuid = {DC660810-B294-4660-A3CF-4B8EE1B6EA72}
	EndGlobalSection
EndGlobal
